<?xml version="1.0" encoding="utf-8"?>
<Project ToolsVersion="4.0" xmlns="http://schemas.microsoft.com/developer/msbuild/2003">
  <ItemGroup>
    <Filter Include="Source Files">
      <UniqueIdentifier>{4FC737F1-C7A5-4376-A066-2A32D752A2FF}</UniqueIdentifier>
      <Extensions>cpp;c;cc;cxx;c++;cppm;ixx;def;odl;idl;hpj;bat;asm;asmx</Extensions>
    </Filter>
    <Filter Include="Header Files">
      <UniqueIdentifier>{93995380-89BD-4b04-88EB-625FBE52EBFB}</UniqueIdentifier>
      <Extensions>h;hh;hpp;hxx;h++;hm;inl;inc;ipp;xsd</Extensions>
    </Filter>
    <Filter Include="Resource Files">
      <UniqueIdentifier>{67DA6AB6-F800-4c08-8B7A-83BB121AAD01}</UniqueIdentifier>
      <Extensions>rc;ico;cur;bmp;dlg;rc2;rct;bin;rgs;gif;jpg;jpeg;jpe;resx;tiff;tif;png;wav;mfcribbon-ms</Extensions>
    </Filter>
    <Filter Include="ImGui">
      <UniqueIdentifier>{fa3b99c7-3e98-453c-a0d4-da4f9c95dc94}</UniqueIdentifier>
    </Filter>
    <Filter Include="MinHook">
      <UniqueIdentifier>{46aff9b3-4828-411b-97eb-932b7b7528d6}</UniqueIdentifier>
    </Filter>
    <Filter Include="SpdLog">
      <UniqueIdentifier>{f36b3fc1-93f1-4a59-b72e-c3c6f3847958}</UniqueIdentifier>
    </Filter>
    <Filter Include="Plugins">
      <UniqueIdentifier>{1346ad6c-faff-482b-82f9-9bb877338a14}</UniqueIdentifier>
    </Filter>
    <Filter Include="SimpleIni">
      <UniqueIdentifier>{7a592c95-b0e1-4300-b073-12504f13bcc0}</UniqueIdentifier>
    </Filter>
    <Filter Include="Tools">
      <UniqueIdentifier>{1ea0f2a0-1948-4e2c-aa37-513d055a2f6a}</UniqueIdentifier>
    </Filter>
  </ItemGroup>
  <ItemGroup>
    <ClCompile Include="src\dllmain.cpp">
      <Filter>Source Files</Filter>
    </ClCompile>
    <ClCompile Include="imgui\imgui_tables.cpp">
      <Filter>ImGui</Filter>
    </ClCompile>
    <ClCompile Include="imgui\imgui_widgets.cpp">
      <Filter>ImGui</Filter>
    </ClCompile>
    <ClCompile Include="imgui\imgui.cpp">
      <Filter>ImGui</Filter>
    </ClCompile>
    <ClCompile Include="imgui\imgui_draw.cpp">
      <Filter>ImGui</Filter>
    </ClCompile>
    <ClCompile Include="imgui\backends\imgui_impl_dx9.cpp">
      <Filter>ImGui</Filter>
    </ClCompile>
    <ClCompile Include="imgui\backends\imgui_impl_win32.cpp">
      <Filter>ImGui</Filter>
    </ClCompile>
    <ClCompile Include="minhook\src\buffer.c">
      <Filter>MinHook</Filter>
    </ClCompile>
    <ClCompile Include="minhook\src\hook.c">
      <Filter>MinHook</Filter>
    </ClCompile>
    <ClCompile Include="minhook\src\trampoline.c">
      <Filter>MinHook</Filter>
    </ClCompile>
    <ClCompile Include="minhook\src\hde\hde32.c">
      <Filter>MinHook</Filter>
    </ClCompile>
    <ClCompile Include="spdlog\src\async.cpp">
      <Filter>SpdLog</Filter>
    </ClCompile>
    <ClCompile Include="spdlog\src\bundled_fmtlib_format.cpp">
      <Filter>SpdLog</Filter>
    </ClCompile>
    <ClCompile Include="spdlog\src\cfg.cpp">
      <Filter>SpdLog</Filter>
    </ClCompile>
    <ClCompile Include="spdlog\src\color_sinks.cpp">
      <Filter>SpdLog</Filter>
    </ClCompile>
    <ClCompile Include="spdlog\src\file_sinks.cpp">
      <Filter>SpdLog</Filter>
    </ClCompile>
    <ClCompile Include="spdlog\src\spdlog.cpp">
      <Filter>SpdLog</Filter>
    </ClCompile>
    <ClCompile Include="spdlog\src\stdout_sinks.cpp">
      <Filter>SpdLog</Filter>
    </ClCompile>
    <ClCompile Include="src\loadhooks.cpp">
      <Filter>Source Files</Filter>
    </ClCompile>
    <ClCompile Include="src\uconv.cpp">
      <Filter>Source Files</Filter>
    </ClCompile>
    <ClCompile Include="src\mem.cpp">
      <Filter>Source Files</Filter>
    </ClCompile>
    <ClCompile Include="src\plugbase.cpp">
      <Filter>Source Files</Filter>
    </ClCompile>
    <ClCompile Include="src\winhooks.cpp">
      <Filter>Source Files</Filter>
    </ClCompile>
    <ClCompile Include="src\files.cpp">
      <Filter>Source Files</Filter>
    </ClCompile>
    <ClCompile Include="src\timehooks.cpp">
      <Filter>Source Files</Filter>
    </ClCompile>
    <ClCompile Include="src\darkmode.cpp">
      <Filter>Source Files</Filter>
    </ClCompile>
    <ClCompile Include="src\d3dhooks.cpp">
      <Filter>Source Files</Filter>
    </ClCompile>
    <ClCompile Include="src\ui.cpp">
      <Filter>Source Files</Filter>
    </ClCompile>
    <ClCompile Include="src\input.cpp">
      <Filter>Source Files</Filter>
    </ClCompile>
    <ClCompile Include="src\audio.cpp">
      <Filter>Source Files</Filter>
    </ClCompile>
    <ClCompile Include="src\extrahooks.cpp">
      <Filter>Source Files</Filter>
    </ClCompile>
    <ClCompile Include="src\state.cpp">
      <Filter>Source Files</Filter>
    </ClCompile>
    <ClCompile Include="src\ofs.cpp">
      <Filter>Source Files</Filter>
    </ClCompile>
    <ClCompile Include="src\gamehooks.cpp">
      <Filter>Source Files</Filter>
    </ClCompile>
    <ClCompile Include="src\config.cpp">
      <Filter>Source Files</Filter>
    </ClCompile>
    <ClCompile Include="plugins\iwtold.cpp">
      <Filter>Plugins</Filter>
    </ClCompile>
    <ClCompile Include="plugins\iwtdemo.cpp">
      <Filter>Plugins</Filter>
    </ClCompile>
    <ClCompile Include="plugins\iwbtb.cpp">
      <Filter>Plugins</Filter>
    </ClCompile>
    <ClCompile Include="plugins\fnaf.cpp">
      <Filter>Plugins</Filter>
    </ClCompile>
    <ClCompile Include="src\customwindow.cpp">
      <Filter>Source Files</Filter>
    </ClCompile>
    <ClCompile Include="plugins\iwbtbadmin.cpp">
      <Filter>Plugins</Filter>
    </ClCompile>
    <ClCompile Include="src\threadhooks.cpp">
      <Filter>Source Files</Filter>
    </ClCompile>
    <ClCompile Include="plugins\iwbtg.cpp">
      <Filter>Plugins</Filter>
    </ClCompile>
    <ClCompile Include="tools\timer_fix.cpp">
      <Filter>Tools</Filter>
    </ClCompile>
    <ClCompile Include="src\process.cpp">
      <Filter>Source Files</Filter>
    </ClCompile>
    <ClCompile Include="src\video.cpp">
      <Filter>Source Files</Filter>
    </ClCompile>
    <ClCompile Include="src\gdihooks.cpp">
      <Filter>Source Files</Filter>
    </ClCompile>
    <ClCompile Include="plugins\fnaf3.cpp">
      <Filter>Plugins</Filter>
    </ClCompile>
    <ClCompile Include="tools\perspective.cpp">
      <Filter>Tools</Filter>
    </ClCompile>
    <ClCompile Include="tools\viewport.cpp">
      <Filter>Tools</Filter>
    </ClCompile>
    <ClCompile Include="src\randhooks.cpp">
      <Filter>Source Files</Filter>
    </ClCompile>
    <ClCompile Include="src\mmfhooks.cpp">
      <Filter>Source Files</Filter>
    </ClCompile>
    <ClCompile Include="plugins\marioforever.cpp">
      <Filter>Plugins</Filter>
    </ClCompile>
    <ClCompile Include="plugins\marioforeverremake.cpp">
      <Filter>Source Files</Filter>
    </ClCompile>
    <ClCompile Include="plugins\marioforever5.cpp">
      <Filter>Source Files</Filter>
    </ClCompile>
  </ItemGroup>
  <ItemGroup>
    <Manifest Include="settings.manifest">
      <Filter>Resource Files</Filter>
    </Manifest>
  </ItemGroup>
  <ItemGroup>
    <ClInclude Include="src\ass.hpp">
      <Filter>Source Files</Filter>
    </ClInclude>
    <ClInclude Include="src\loadhooks.hpp">
      <Filter>Source Files</Filter>
    </ClInclude>
    <ClInclude Include="src\uconv.hpp">
      <Filter>Source Files</Filter>
    </ClInclude>
    <ClInclude Include="src\mem.hpp">
      <Filter>Source Files</Filter>
    </ClInclude>
    <ClInclude Include="src\plugbase.hpp">
      <Filter>Source Files</Filter>
    </ClInclude>
    <ClInclude Include="src\winhooks.hpp">
      <Filter>Source Files</Filter>
    </ClInclude>
    <ClInclude Include="src\files.hpp">
      <Filter>Source Files</Filter>
    </ClInclude>
    <ClInclude Include="src\timehooks.hpp">
      <Filter>Source Files</Filter>
    </ClInclude>
    <ClInclude Include="src\d3dhooks.hpp">
      <Filter>Source Files</Filter>
    </ClInclude>
    <ClInclude Include="src\ui.hpp">
      <Filter>Source Files</Filter>
    </ClInclude>
    <ClInclude Include="src\input.hpp">
      <Filter>Source Files</Filter>
    </ClInclude>
    <ClInclude Include="src\audio.hpp">
      <Filter>Source Files</Filter>
    </ClInclude>
    <ClInclude Include="src\extrahooks.hpp">
      <Filter>Source Files</Filter>
    </ClInclude>
    <ClInclude Include="src\state.hpp">
      <Filter>Source Files</Filter>
    </ClInclude>
    <ClInclude Include="src\ofs.hpp">
      <Filter>Source Files</Filter>
    </ClInclude>
    <ClInclude Include="src\gamehooks.hpp">
      <Filter>Source Files</Filter>
    </ClInclude>
    <ClInclude Include="src\config.hpp">
      <Filter>Source Files</Filter>
    </ClInclude>
    <ClInclude Include="src\lock.hpp">
      <Filter>Source Files</Filter>
    </ClInclude>
    <ClInclude Include="src\customwindow.hpp">
      <Filter>Header Files</Filter>
    </ClInclude>
    <ClInclude Include="src\threadhooks.hpp">
      <Filter>Source Files</Filter>
    </ClInclude>
    <ClInclude Include="src\opt.hpp">
      <Filter>Source Files</Filter>
    </ClInclude>
    <ClInclude Include="src\sv.hpp">
      <Filter>Source Files</Filter>
    </ClInclude>
    <ClInclude Include="src\expect.hpp">
      <Filter>Source Files</Filter>
    </ClInclude>
    <ClInclude Include="src\event.hpp">
      <Filter>Source Files</Filter>
    </ClInclude>
    <ClInclude Include="tools\timer_fix.hpp">
      <Filter>Tools</Filter>
    </ClInclude>
    <ClInclude Include="src\process.hpp">
      <Filter>Source Files</Filter>
    </ClInclude>
    <ClInclude Include="src\video.hpp">
      <Filter>Source Files</Filter>
    </ClInclude>
    <ClInclude Include="src\gdihooks.hpp">
      <Filter>Source Files</Filter>
    </ClInclude>
    <ClInclude Include="tools\perspective.hpp">
      <Filter>Tools</Filter>
    </ClInclude>
    <ClInclude Include="tools\viewport.hpp">
      <Filter>Tools</Filter>
    </ClInclude>
    <ClInclude Include="src\mypair.hpp">
      <Filter>Source Files</Filter>
    </ClInclude>
    <ClInclude Include="src\log.hpp">
      <Filter>Source Files</Filter>
    </ClInclude>
    <ClInclude Include="src\randhooks.hpp">
      <Filter>Source Files</Filter>
    </ClInclude>
    <ClInclude Include="src\mmfhooks.hpp">
      <Filter>Source Files</Filter>
    </ClInclude>
  </ItemGroup>
</Project>